
Microsoft Visual Studio Solution File, Format Version 12.00
# Visual Studio Version 17
VisualStudioVersion = 17.9.34607.119
MinimumVisualStudioVersion = 10.0.40219.1
Project("{9A19103F-16F7-4668-BE54-9A1E7A4F7556}") = "FootBallStandings", "FootBallStandings.csproj", "{8A922D9D-B98C-42BA-920D-C09F64DC822B}"
EndProject
Project("{9A19103F-16F7-4668-BE54-9A1E7A4F7556}") = "FootBallStandingsFacts", "..\FootBallStandingsFacts\FootBallStandingsFacts.csproj", "{666EA241-AF07-419C-8F54-1D8DE7AB9B2E}"
EndProject
Global
	GlobalSection(SolutionConfigurationPlatforms) = preSolution
		Debug|Any CPU = Debug|Any CPU
		Release|Any CPU = Release|Any CPU
	EndGlobalSection
	GlobalSection(ProjectConfigurationPlatforms) = postSolution
		{8A922D9D-B98C-42BA-920D-C09F64DC822B}.Debug|Any CPU.ActiveCfg = Debug|Any CPU
		{8A922D9D-B98C-42BA-920D-C09F64DC822B}.Debug|Any CPU.Build.0 = Debug|Any CPU
		{8A922D9D-B98C-42BA-920D-C09F64DC822B}.Release|Any CPU.ActiveCfg = Release|Any CPU
		{8A922D9D-B98C-42BA-920D-C09F64DC822B}.Release|Any CPU.Build.0 = Release|Any CPU
		{666EA241-AF07-419C-8F54-1D8DE7AB9B2E}.Debug|Any CPU.ActiveCfg = Debug|Any CPU
		{666EA241-AF07-419C-8F54-1D8DE7AB9B2E}.Debug|Any CPU.Build.0 = Debug|Any CPU
		{666EA241-AF07-419C-8F54-1D8DE7AB9B2E}.Release|Any CPU.ActiveCfg = Release|Any CPU
		{666EA241-AF07-419C-8F54-1D8DE7AB9B2E}.Release|Any CPU.Build.0 = Release|Any CPU
	EndGlobalSection
	GlobalSection(SolutionProperties) = preSolution
		HideSolutionNode = FALSE
	EndGlobalSection
	GlobalSection(ExtensibilityGlobals) = postSolution
		SolutionGuid = {A38A630B-2BD4-4F2F-8AF2-89E9B7A392C8}
	EndGlobalSection
EndGlobal
